// !$*UTF8*$!
{
	archiveVersion = 1;
	classes = {
	};
	objectVersion = 77;
	objects = {

/* Begin PBXBuildFile section */
		A1B2C3D4E5F60718293A4B5C /* MusicTrackTests.swift in Sources */ = {isa = PBXBuildFile; fileRef = A1B2C3D4E5F60718293A4B5B /* MusicTrackTests.swift */; };
		A1B2C3D4E5F60718293A4B6B /* SettingsStoreTests.swift in Sources */ = {isa = PBXBuildFile; fileRef = A1B2C3D4E5F60718293A4B6A /* SettingsStoreTests.swift */; };
		A1B2C3D4E5F60718293A4B7B /* AudioDownloadValidatorTests.swift in Sources */ = {isa = PBXBuildFile; fileRef = A1B2C3D4E5F60718293A4B7A /* AudioDownloadValidatorTests.swift */; };
		A1B2C3D4E5F60718293A4B8B /* DownloadFileStoreTests.swift in Sources */ = {isa = PBXBuildFile; fileRef = A1B2C3D4E5F60718293A4B8A /* DownloadFileStoreTests.swift */; };
		B4C0D0A00000000000000001 /* LocalMusicStoreTests.swift in Sources */ = {isa = PBXBuildFile; fileRef = B4C0D0A00000000000000011 /* LocalMusicStoreTests.swift */; };
		B5E000000000000000000001 /* MusicLibraryServiceMappingTests.swift in Sources */ = {isa = PBXBuildFile; fileRef = B5E000000000000000000002 /* MusicLibraryServiceMappingTests.swift */; };
		B4C0D0A00000000000000002 /* DownloadManagerConcurrencyTests.swift in Sources */ = {isa = PBXBuildFile; fileRef = B4C0D0A00000000000000012 /* DownloadManagerConcurrencyTests.swift */; };
		BC6F521D00C13F6116232C2D /* Pods_SimpleMusic.framework in Frameworks */ = {isa = PBXBuildFile; fileRef = 6A34C52A1ABF5C26C9601CDD /* Pods_SimpleMusic.framework */; };
/* End PBXBuildFile section */

/* Begin PBXContainerItemProxy section */
		A1B2C3D4E5F60718293A4B5F /* PBXContainerItemProxy */ = {
			isa = PBXContainerItemProxy;
			containerPortal = 23BA7276302F095900023EB5 /* Project object */;
			proxyType = 1;
			remoteGlobalIDString = 23BA727D302F095900023EB5;
			remoteInfo = SimpleMusic;
		};
/* End PBXContainerItemProxy section */

/* Begin PBXFileReference section */
		23BA727E302F095900023EB5 /* SimpleMusic.app */ = {isa = PBXFileReference; explicitFileType = wrapper.application; includeInIndex = 0; path = SimpleMusic.app; sourceTree = BUILT_PRODUCTS_DIR; };
		55DF45A54AE45924626D378B /* Pods-SimpleMusic.debug.xcconfig */ = {isa = PBXFileReference; includeInIndex = 1; lastKnownFileType = text.xcconfig; name = "Pods-SimpleMusic.debug.xcconfig"; path = "Target Support Files/Pods-SimpleMusic/Pods-SimpleMusic.debug.xcconfig"; sourceTree = "<group>"; };
		6A34C52A1ABF5C26C9601CDD /* Pods_SimpleMusic.framework */ = {isa = PBXFileReference; explicitFileType = wrapper.framework; includeInIndex = 0; path = Pods_SimpleMusic.framework; sourceTree = BUILT_PRODUCTS_DIR; };
		82FEF5096D84D9077E96AF8F /* Pods-SimpleMusic.release.xcconfig */ = {isa = PBXFileReference; includeInIndex = 1; lastKnownFileType = text.xcconfig; name = "Pods-SimpleMusic.release.xcconfig"; path = "Target Support Files/Pods-SimpleMusic/Pods-SimpleMusic.release.xcconfig"; sourceTree = "<group>"; };
		A1B2C3D4E5F60718293A4B5B /* MusicTrackTests.swift */ = {isa = PBXFileReference; lastKnownFileType = sourcecode.swift; path = MusicTrackTests.swift; sourceTree = "<group>"; };
		A1B2C3D4E5F60718293A4B6A /* SettingsStoreTests.swift */ = {isa = PBXFileReference; lastKnownFileType = sourcecode.swift; path = SettingsStoreTests.swift; sourceTree = "<group>"; };
		A1B2C3D4E5F60718293A4B7A /* AudioDownloadValidatorTests.swift */ = {isa = PBXFileReference; lastKnownFileType = sourcecode.swift; path = AudioDownloadValidatorTests.swift; sourceTree = "<group>"; };
		A1B2C3D4E5F60718293A4B8A /* DownloadFileStoreTests.swift */ = {isa = PBXFileReference; lastKnownFileType = sourcecode.swift; path = DownloadFileStoreTests.swift; sourceTree = "<group>"; };
		B4C0D0A00000000000000011 /* LocalMusicStoreTests.swift */ = {isa = PBXFileReference; lastKnownFileType = sourcecode.swift; path = LocalMusicStoreTests.swift; sourceTree = "<group>"; };
		B4C0D0A00000000000000012 /* DownloadManagerConcurrencyTests.swift */ = {isa = PBXFileReference; lastKnownFileType = sourcecode.swift; path = DownloadManagerConcurrencyTests.swift; sourceTree = "<group>"; };
		B5E000000000000000000002 /* MusicLibraryServiceMappingTests.swift */ = {isa = PBXFileReference; lastKnownFileType = sourcecode.swift; path = MusicLibraryServiceMappingTests.swift; sourceTree = "<group>"; };
		A1B2C3D4E5F60718293A4B5D /* SimpleMusicTests.xctest */ = {isa = PBXFileReference; explicitFileType = wrapper.cfbundle; includeInIndex = 0; path = SimpleMusicTests.xctest; sourceTree = BUILT_PRODUCTS_DIR; };
/* End PBXFileReference section */

/* Begin PBXFileSystemSynchronizedBuildFileExceptionSet section */
		23BA7293302F095A00023EB5 /* Exceptions for "SimpleMusic" folder in "SimpleMusic" target */ = {
			isa = PBXFileSystemSynchronizedBuildFileExceptionSet;
			membershipExceptions = (
				Info.plist,
			);
			target = 23BA727D302F095900023EB5 /* SimpleMusic */;
		};
/* End PBXFileSystemSynchronizedBuildFileExceptionSet section */

/* Begin PBXFileSystemSynchronizedRootGroup section */
		23BA7280302F095900023EB5 /* SimpleMusic */ = {
			isa = PBXFileSystemSynchronizedRootGroup;
			exceptions = (
				23BA7293302F095A00023EB5 /* Exceptions for "SimpleMusic" folder in "SimpleMusic" target */,
			);
			path = SimpleMusic;
			sourceTree = "<group>";
		};
/* End PBXFileSystemSynchronizedRootGroup section */

/* Begin PBXFrameworksBuildPhase section */
		23BA727B302F095900023EB5 /* Frameworks */ = {
			isa = PBXFrameworksBuildPhase;
			buildActionMask = 2147483647;
			files = (
				BC6F521D00C13F6116232C2D /* Pods_SimpleMusic.framework in Frameworks */,
			);
			runOnlyForDeploymentPostprocessing = 0;
		};
		A1B2C3D4E5F60718293A4B61 /* Frameworks */ = {
			isa = PBXFrameworksBuildPhase;
			buildActionMask = 2147483647;
			files = (
			);
			runOnlyForDeploymentPostprocessing = 0;
		};
/* End PBXFrameworksBuildPhase section */

/* Begin PBXGroup section */
		23BA7275302F095900023EB5 = {
			isa = PBXGroup;
			children = (
				23BA7280302F095900023EB5 /* SimpleMusic */,
				23BA727F302F095900023EB5 /* Products */,
				5ACFDA3B7BD23FE3BE504DEE /* Pods */,
				A9DC615DE7453103500D71FA /* Frameworks */,
				A1B2C3D4E5F60718293A4B5A /* SimpleMusicTests */,
			);
			sourceTree = "<group>";
		};
		23BA727F302F095900023EB5 /* Products */ = {
			isa = PBXGroup;
			children = (
				23BA727E302F095900023EB5 /* SimpleMusic.app */,
				A1B2C3D4E5F60718293A4B5D /* SimpleMusicTests.xctest */,
			);
			name = Products;
			sourceTree = "<group>";
		};
		5ACFDA3B7BD23FE3BE504DEE /* Pods */ = {
			isa = PBXGroup;
			children = (
				55DF45A54AE45924626D378B /* Pods-SimpleMusic.debug.xcconfig */,
				82FEF5096D84D9077E96AF8F /* Pods-SimpleMusic.release.xcconfig */,
			);
			name = Pods;
			path = Pods;
			sourceTree = "<group>";
		};
		A1B2C3D4E5F60718293A4B5A /* SimpleMusicTests */ = {
			isa = PBXGroup;
			children = (
				A1B2C3D4E5F60718293A4B5B /* MusicTrackTests.swift */,
				A1B2C3D4E5F60718293A4B6A /* SettingsStoreTests.swift */,
				A1B2C3D4E5F60718293A4B7A /* AudioDownloadValidatorTests.swift */,
				A1B2C3D4E5F60718293A4B8A /* DownloadFileStoreTests.swift */,
				B4C0D0A00000000000000011 /* LocalMusicStoreTests.swift */,
				B4C0D0A00000000000000012 /* DownloadManagerConcurrencyTests.swift */,
				B5E000000000000000000002 /* MusicLibraryServiceMappingTests.swift */,
			);
			path = SimpleMusicTests;
			sourceTree = "<group>";
		};
		A9DC615DE7453103500D71FA /* Frameworks */ = {
			isa = PBXGroup;
			children = (
				6A34C52A1ABF5C26C9601CDD /* Pods_SimpleMusic.framework */,
			);
			name = Frameworks;
			sourceTree = "<group>";
		};
/* End PBXGroup section */

/* Begin PBXNativeTarget section */
		23BA727D302F095900023EB5 /* SimpleMusic */ = {
			isa = PBXNativeTarget;
			buildConfigurationList = 23BA7294302F095A00023EB5 /* Build configuration list for PBXNativeTarget "SimpleMusic" */;
			buildPhases = (
				EF4FEFE1FF0F536A957B2678 /* [CP] Check Pods Manifest.lock */,
				23BA727A302F095900023EB5 /* Sources */,
				23BA727B302F095900023EB5 /* Frameworks */,
				23BA727C302F095900023EB5 /* Resources */,
				542C99CF90C1D2C67CE6EEE7 /* [CP] Copy Pods Resources */,
			);
			buildRules = (
			);
			dependencies = (
			);
			fileSystemSynchronizedGroups = (
				23BA7280302F095900023EB5 /* SimpleMusic */,
			);
			name = SimpleMusic;
			productName = SimpleMusic;
			productReference = 23BA727E302F095900023EB5 /* SimpleMusic.app */;
			productType = "com.apple.product-type.application";
		};
		A1B2C3D4E5F60718293A4B5E /* SimpleMusicTests */ = {
			isa = PBXNativeTarget;
			buildConfigurationList = A1B2C3D4E5F60718293A4B66 /* Build configuration list for PBXNativeTarget "SimpleMusicTests" */;
			buildPhases = (
				A1B2C3D4E5F60718293A4B60 /* Sources */,
				A1B2C3D4E5F60718293A4B61 /* Frameworks */,
				A1B2C3D4E5F60718293A4B62 /* Resources */,
			);
			buildRules = (
			);
			dependencies = (
				A1B2C3D4E5F60718293A4B63 /* PBXTargetDependency */,
			);
			name = SimpleMusicTests;
			productName = SimpleMusicTests;
			productReference = A1B2C3D4E5F60718293A4B5D /* SimpleMusicTests.xctest */;
			productType = "com.apple.product-type.bundle.unit-test";
		};
/* End PBXNativeTarget section */

/* Begin PBXProject section */
		23BA7276302F095900023EB5 /* Project object */ = {
			isa = PBXProject;
			attributes = {
				BuildIndependentTargetsInParallel = 1;
				LastSwiftUpdateCheck = 2630;
				LastUpgradeCheck = 2630;
				TargetAttributes = {
					23BA727D302F095900023EB5 = {
						CreatedOnToolsVersion = 26.3;
					};
					A1B2C3D4E5F60718293A4B5E = {
						CreatedOnToolsVersion = 26.3;
						TestTargetID = 23BA727D302F095900023EB5;
					};
				};
			};
			buildConfigurationList = 23BA7279302F095900023EB5 /* Build configuration list for PBXProject "SimpleMusic" */;
			developmentRegion = en;
			hasScannedForEncodings = 0;
			knownRegions = (
				en,
				Base,
			);
			mainGroup = 23BA7275302F095900023EB5;
			minimizedProjectReferenceProxies = 1;
			preferredProjectObjectVersion = 77;
			productRefGroup = 23BA727F302F095900023EB5 /* Products */;
			projectDirPath = "";
			projectRoot = "";
			targets = (
				23BA727D302F095900023EB5 /* SimpleMusic */,
				A1B2C3D4E5F60718293A4B5E /* SimpleMusicTests */,
			);
		};
/* End PBXProject section */

/* Begin PBXResourcesBuildPhase section */
		23BA727C302F095900023EB5 /* Resources */ = {
			isa = PBXResourcesBuildPhase;
			buildActionMask = 2147483647;
			files = (
			);
			runOnlyForDeploymentPostprocessing = 0;
		};
		A1B2C3D4E5F60718293A4B62 /* Resources */ = {
			isa = PBXResourcesBuildPhase;
			buildActionMask = 2147483647;
			files = (
			);
			runOnlyForDeploymentPostprocessing = 0;
		};
/* End PBXResourcesBuildPhase section */

/* Begin PBXShellScriptBuildPhase section */
		542C99CF90C1D2C67CE6EEE7 /* [CP] Copy Pods Resources */ = {
			isa = PBXShellScriptBuildPhase;
			buildActionMask = 2147483647;
			files = (
			);
			inputFileListPaths = (
				"${PODS_ROOT}/Target Support Files/Pods-SimpleMusic/Pods-SimpleMusic-resources-${CONFIGURATION}-input-files.xcfilelist",
			);
			name = "[CP] Copy Pods Resources";
			outputFileListPaths = (
				"${PODS_ROOT}/Target Support Files/Pods-SimpleMusic/Pods-SimpleMusic-resources-${CONFIGURATION}-output-files.xcfilelist",
			);
			runOnlyForDeploymentPostprocessing = 0;
			shellPath = /bin/sh;
			shellScript = "\"${PODS_ROOT}/Target Support Files/Pods-SimpleMusic/Pods-SimpleMusic-resources.sh\"\n";
			showEnvVarsInLog = 0;
		};
		EF4FEFE1FF0F536A957B2678 /* [CP] Check Pods Manifest.lock */ = {
			isa = PBXShellScriptBuildPhase;
			buildActionMask = 2147483647;
			files = (
			);
			inputFileListPaths = (
			);
			inputPaths = (
				"${PODS_PODFILE_DIR_PATH}/Podfile.lock",
				"${PODS_ROOT}/Manifest.lock",
			);
			name = "[CP] Check Pods Manifest.lock";
			outputFileListPaths = (
			);
			outputPaths = (
				"$(DERIVED_FILE_DIR)/Pods-SimpleMusic-checkManifestLockResult.txt",
			);
			runOnlyForDeploymentPostprocessing = 0;
			shellPath = /bin/sh;
			shellScript = "diff \"${PODS_PODFILE_DIR_PATH}/Podfile.lock\" \"${PODS_ROOT}/Manifest.lock\" > /dev/null\nif [ $? != 0 ] ; then\n    # print error to STDERR\n    echo \"error: The sandbox is not in sync with the Podfile.lock. Run 'pod install' or update your CocoaPods installation.\" >&2\n    exit 1\nfi\n# This output is used by Xcode 'outputs' to avoid re-running this script phase.\necho \"SUCCESS\" > \"${SCRIPT_OUTPUT_FILE_0}\"\n";
			showEnvVarsInLog = 0;
		};
/* End PBXShellScriptBuildPhase section */

/* Begin PBXSourcesBuildPhase section */
		23BA727A302F095900023EB5 /* Sources */ = {
			isa = PBXSourcesBuildPhase;
			buildActionMask = 2147483647;
			files = (
			);
			runOnlyForDeploymentPostprocessing = 0;
		};
		A1B2C3D4E5F60718293A4B60 /* Sources */ = {
			isa = PBXSourcesBuildPhase;
			buildActionMask = 2147483647;
			files = (
				A1B2C3D4E5F60718293A4B5C /* MusicTrackTests.swift in Sources */,
				A1B2C3D4E5F60718293A4B6B /* SettingsStoreTests.swift in Sources */,
				A1B2C3D4E5F60718293A4B7B /* AudioDownloadValidatorTests.swift in Sources */,
				A1B2C3D4E5F60718293A4B8B /* DownloadFileStoreTests.swift in Sources */,
				B4C0D0A00000000000000001 /* LocalMusicStoreTests.swift in Sources */,
				B5E000000000000000000001 /* MusicLibraryServiceMappingTests.swift in Sources */,
				B4C0D0A00000000000000002 /* DownloadManagerConcurrencyTests.swift in Sources */,
			);
			runOnlyForDeploymentPostprocessing = 0;
		};
/* End PBXSourcesBuildPhase section */

/* Begin PBXTargetDependency section */
		A1B2C3D4E5F60718293A4B63 /* PBXTargetDependency */ = {
			isa = PBXTargetDependency;
			target = 23BA727D302F095900023EB5 /* SimpleMusic */;
			targetProxy = A1B2C3D4E5F60718293A4B5F /* PBXContainerItemProxy */;
		};
/* End PBXTargetDependency section */

/* Begin XCBuildConfiguration section */
		23BA7295302F095A00023EB5 /* Debug */ = {
			isa = XCBuildConfiguration;
			baseConfigurationReference = 55DF45A54AE45924626D378B /* Pods-SimpleMusic.debug.xcconfig */;
			buildSettings = {
				ASSETCATALOG_COMPILER_APPICON_NAME = AppIcon;
				ASSETCATALOG_COMPILER_GLOBAL_ACCENT_COLOR_NAME = AccentColor;
				CODE_SIGN_STYLE = Automatic;
				CURRENT_PROJECT_VERSION = 1;
				DEVELOPMENT_TEAM = LVZF6F7GU2;
				GENERATE_INFOPLIST_FILE = YES;
				INFOPLIST_FILE = SimpleMusic/Info.plist;
				INFOPLIST_KEY_UIApplicationSupportsIndirectInputEvents = YES;
				INFOPLIST_KEY_UILaunchStoryboardName = LaunchScreen;
				INFOPLIST_KEY_UIMainStoryboardFile = Main;
				INFOPLIST_KEY_UISupportedInterfaceOrientations_iPad = UIInterfaceOrientationPortrait;
				INFOPLIST_KEY_UISupportedInterfaceOrientations_iPhone = UIInterfaceOrientationPortrait;
				IPHONEOS_DEPLOYMENT_TARGET = 15.0;
				LD_RUNPATH_SEARCH_PATHS = (
					"$(inherited)",
					"@executable_path/Frameworks",
				);
				MARKETING_VERSION = 1.0;
				PRODUCT_BUNDLE_IDENTIFIER = DB.SimpleMusic;
				PRODUCT_NAME = "$(TARGET_NAME)";
				STRING_CATALOG_GENERATE_SYMBOLS = YES;
				SWIFT_APPROACHABLE_CONCURRENCY = YES;
				SWIFT_DEFAULT_ACTOR_ISOLATION = MainActor;
				SWIFT_EMIT_LOC_STRINGS = YES;
				SWIFT_UPCOMING_FEATURE_MEMBER_IMPORT_VISIBILITY = YES;
				SWIFT_VERSION = 5.0;
				TARGETED_DEVICE_FAMILY = "1,2";
			};
			name = Debug;
		};
		23BA7296302F095A00023EB5 /* Release */ = {
			isa = XCBuildConfiguration;
			baseConfigurationReference = 82FEF5096D84D9077E96AF8F /* Pods-SimpleMusic.release.xcconfig */;
			buildSettings = {
				ASSETCATALOG_COMPILER_APPICON_NAME = AppIcon;
				ASSETCATALOG_COMPILER_GLOBAL_ACCENT_COLOR_NAME = AccentColor;
				CODE_SIGN_STYLE = Automatic;
				CURRENT_PROJECT_VERSION = 1;
				DEVELOPMENT_TEAM = LVZF6F7GU2;
				GENERATE_INFOPLIST_FILE = YES;
				INFOPLIST_FILE = SimpleMusic/Info.plist;
				INFOPLIST_KEY_UIApplicationSupportsIndirectInputEvents = YES;
				INFOPLIST_KEY_UILaunchStoryboardName = LaunchScreen;
				INFOPLIST_KEY_UIMainStoryboardFile = Main;
				INFOPLIST_KEY_UISupportedInterfaceOrientations_iPad = UIInterfaceOrientationPortrait;
				INFOPLIST_KEY_UISupportedInterfaceOrientations_iPhone = UIInterfaceOrientationPortrait;
				IPHONEOS_DEPLOYMENT_TARGET = 15.0;
				LD_RUNPATH_SEARCH_PATHS = (
					"$(inherited)",
					"@executable_path/Frameworks",
				);
				MARKETING_VERSION = 1.0;
				PRODUCT_BUNDLE_IDENTIFIER = DB.SimpleMusic;
				PRODUCT_NAME = "$(TARGET_NAME)";
				STRING_CATALOG_GENERATE_SYMBOLS = YES;
				SWIFT_APPROACHABLE_CONCURRENCY = YES;
				SWIFT_DEFAULT_ACTOR_ISOLATION = MainActor;
				SWIFT_EMIT_LOC_STRINGS = YES;
				SWIFT_UPCOMING_FEATURE_MEMBER_IMPORT_VISIBILITY = YES;
				SWIFT_VERSION = 5.0;
				TARGETED_DEVICE_FAMILY = "1,2";
			};
			name = Release;
		};
		23BA7297302F095A00023EB5 /* Debug */ = {
			isa = XCBuildConfiguration;
			buildSettings = {
				ALWAYS_SEARCH_USER_PATHS = NO;
				ASSETCATALOG_COMPILER_GENERATE_SWIFT_ASSET_SYMBOL_EXTENSIONS = YES;
				CLANG_ANALYZER_NONNULL = YES;
				CLANG_ANALYZER_NUMBER_OBJECT_CONVERSION = YES_AGGRESSIVE;
				CLANG_CXX_LANGUAGE_STANDARD = "gnu++20";
				CLANG_ENABLE_MODULES = YES;
				CLANG_ENABLE_OBJC_ARC = YES;
				CLANG_ENABLE_OBJC_WEAK = YES;
				CLANG_WARN_BLOCK_CAPTURE_AUTORELEASING = YES;
				CLANG_WARN_BOOL_CONVERSION = YES;
				CLANG_WARN_COMMA = YES;
				CLANG_WARN_CONSTANT_CONVERSION = YES;
				CLANG_WARN_DEPRECATED_OBJC_IMPLEMENTATIONS = YES;
				CLANG_WARN_DIRECT_OBJC_ISA_USAGE = YES_ERROR;
				CLANG_WARN_DOCUMENTATION_COMMENTS = YES;
				CLANG_WARN_EMPTY_BODY = YES;
				CLANG_WARN_ENUM_CONVERSION = YES;
				CLANG_WARN_INFINITE_RECURSION = YES;
				CLANG_WARN_INT_CONVERSION = YES;
				CLANG_WARN_NON_LITERAL_NULL_CONVERSION = YES;
				CLANG_WARN_OBJC_IMPLICIT_RETAIN_SELF = YES;
				CLANG_WARN_OBJC_LITERAL_CONVERSION = YES;
				CLANG_WARN_OBJC_ROOT_CLASS = YES_ERROR;
				CLANG_WARN_QUOTED_INCLUDE_IN_FRAMEWORK_HEADER = YES;
				CLANG_WARN_RANGE_LOOP_ANALYSIS = YES;
				CLANG_WARN_STRICT_PROTOTYPES = YES;
				CLANG_WARN_SUSPICIOUS_MOVE = YES;
				CLANG_WARN_UNGUARDED_AVAILABILITY = YES_AGGRESSIVE;
				CLANG_WARN_UNREACHABLE_CODE = YES;
				CLANG_WARN__DUPLICATE_METHOD_MATCH = YES;
				COPY_PHASE_STRIP = NO;
				DEBUG_INFORMATION_FORMAT = dwarf;
				DEVELOPMENT_TEAM = LVZF6F7GU2;
				ENABLE_STRICT_OBJC_MSGSEND = YES;
				ENABLE_TESTABILITY = YES;
				ENABLE_USER_SCRIPT_SANDBOXING = NO;
				GCC_C_LANGUAGE_STANDARD = gnu17;
				GCC_DYNAMIC_NO_PIC = NO;
				GCC_NO_COMMON_BLOCKS = YES;
				GCC_OPTIMIZATION_LEVEL = 0;
				GCC_PREPROCESSOR_DEFINITIONS = (
					"DEBUG=1",
					"$(inherited)",
				);
				GCC_WARN_64_TO_32_BIT_CONVERSION = YES;
				GCC_WARN_ABOUT_RETURN_TYPE = YES_ERROR;
				GCC_WARN_UNDECLARED_SELECTOR = YES;
				GCC_WARN_UNINITIALIZED_AUTOS = YES_AGGRESSIVE;
				GCC_WARN_UNUSED_FUNCTION = YES;
				GCC_WARN_UNUSED_VARIABLE = YES;
				IPHONEOS_DEPLOYMENT_TARGET = 15.0;
				LOCALIZATION_PREFERS_STRING_CATALOGS = YES;
				MTL_ENABLE_DEBUG_INFO = INCLUDE_SOURCE;
				MTL_FAST_MATH = YES;
				ONLY_ACTIVE_ARCH = YES;
				SDKROOT = iphoneos;
				SWIFT_ACTIVE_COMPILATION_CONDITIONS = "DEBUG $(inherited)";
				SWIFT_OPTIMIZATION_LEVEL = "-Onone";
			};
			name = Debug;
		};
		23BA7298302F095A00023EB5 /* Release */ = {
			isa = XCBuildConfiguration;
			buildSettings = {
				ALWAYS_SEARCH_USER_PATHS = NO;
				ASSETCATALOG_COMPILER_GENERATE_SWIFT_ASSET_SYMBOL_EXTENSIONS = YES;
				CLANG_ANALYZER_NONNULL = YES;
				CLANG_ANALYZER_NUMBER_OBJECT_CONVERSION = YES_AGGRESSIVE;
				CLANG_CXX_LANGUAGE_STANDARD = "gnu++20";
				CLANG_ENABLE_MODULES = YES;
				CLANG_ENABLE_OBJC_ARC = YES;
				CLANG_ENABLE_OBJC_WEAK = YES;
				CLANG_WARN_BLOCK_CAPTURE_AUTORELEASING = YES;
				CLANG_WARN_BOOL_CONVERSION = YES;
				CLANG_WARN_COMMA = YES;
				CLANG_WARN_CONSTANT_CONVERSION = YES;
				CLANG_WARN_DEPRECATED_OBJC_IMPLEMENTATIONS = YES;
				CLANG_WARN_DIRECT_OBJC_ISA_USAGE = YES_ERROR;
				CLANG_WARN_DOCUMENTATION_COMMENTS = YES;
				CLANG_WARN_EMPTY_BODY = YES;
				CLANG_WARN_ENUM_CONVERSION = YES;
				CLANG_WARN_INFINITE_RECURSION = YES;
				CLANG_WARN_INT_CONVERSION = YES;
				CLANG_WARN_NON_LITERAL_NULL_CONVERSION = YES;
				CLANG_WARN_OBJC_IMPLICIT_RETAIN_SELF = YES;
				CLANG_WARN_OBJC_LITERAL_CONVERSION = YES;
				CLANG_WARN_OBJC_ROOT_CLASS = YES_ERROR;
				CLANG_WARN_QUOTED_INCLUDE_IN_FRAMEWORK_HEADER = YES;
				CLANG_WARN_RANGE_LOOP_ANALYSIS = YES;
				CLANG_WARN_STRICT_PROTOTYPES = YES;
				CLANG_WARN_SUSPICIOUS_MOVE = YES;
				CLANG_WARN_UNGUARDED_AVAILABILITY = YES_AGGRESSIVE;
				CLANG_WARN_UNREACHABLE_CODE = YES;
				CLANG_WARN__DUPLICATE_METHOD_MATCH = YES;
				COPY_PHASE_STRIP = NO;
				DEBUG_INFORMATION_FORMAT = "dwarf-with-dsym";
				DEVELOPMENT_TEAM = LVZF6F7GU2;
				ENABLE_NS_ASSERTIONS = NO;
				ENABLE_STRICT_OBJC_MSGSEND = YES;
				ENABLE_USER_SCRIPT_SANDBOXING = NO;
				GCC_C_LANGUAGE_STANDARD = gnu17;
				GCC_NO_COMMON_BLOCKS = YES;
				GCC_WARN_64_TO_32_BIT_CONVERSION = YES;
				GCC_WARN_ABOUT_RETURN_TYPE = YES_ERROR;
				GCC_WARN_UNDECLARED_SELECTOR = YES;
				GCC_WARN_UNINITIALIZED_AUTOS = YES_AGGRESSIVE;
				GCC_WARN_UNUSED_FUNCTION = YES;
				GCC_WARN_UNUSED_VARIABLE = YES;
				IPHONEOS_DEPLOYMENT_TARGET = 15.0;
				LOCALIZATION_PREFERS_STRING_CATALOGS = YES;
				MTL_ENABLE_DEBUG_INFO = NO;
				MTL_FAST_MATH = YES;
				SDKROOT = iphoneos;
				SWIFT_COMPILATION_MODE = wholemodule;
				VALIDATE_PRODUCT = YES;
			};
			name = Release;
		};
		A1B2C3D4E5F60718293A4B64 /* Debug */ = {
			isa = XCBuildConfiguration;
			buildSettings = {
				BUNDLE_LOADER = "$(TEST_HOST)";
				CODE_SIGN_STYLE = Automatic;
				CURRENT_PROJECT_VERSION = 1;
				GENERATE_INFOPLIST_FILE = YES;
				IPHONEOS_DEPLOYMENT_TARGET = 15.0;
				LD_RUNPATH_SEARCH_PATHS = (
					"$(inherited)",
					"@executable_path/Frameworks",
					"@loader_path/Frameworks",
				);
				MARKETING_VERSION = 1.0;
				PRODUCT_BUNDLE_IDENTIFIER = DB.SimpleMusicTests;
				PRODUCT_NAME = "$(TARGET_NAME)";
				SWIFT_VERSION = 5.0;
				TARGETED_DEVICE_FAMILY = "1,2";
				TEST_HOST = "$(BUILT_PRODUCTS_DIR)/SimpleMusic.app/$(BUNDLE_EXECUTABLE_FOLDER_PATH)/SimpleMusic";
			};
			name = Debug;
		};
		A1B2C3D4E5F60718293A4B65 /* Release */ = {
			isa = XCBuildConfiguration;
			buildSettings = {
				BUNDLE_LOADER = "$(TEST_HOST)";
				CODE_SIGN_STYLE = Automatic;
				CURRENT_PROJECT_VERSION = 1;
				GENERATE_INFOPLIST_FILE = YES;
				IPHONEOS_DEPLOYMENT_TARGET = 15.0;
				LD_RUNPATH_SEARCH_PATHS = (
					"$(inherited)",
					"@executable_path/Frameworks",
					"@loader_path/Frameworks",
				);
				MARKETING_VERSION = 1.0;
				PRODUCT_BUNDLE_IDENTIFIER = DB.SimpleMusicTests;
				PRODUCT_NAME = "$(TARGET_NAME)";
				SWIFT_VERSION = 5.0;
				TARGETED_DEVICE_FAMILY = "1,2";
				TEST_HOST = "$(BUILT_PRODUCTS_DIR)/SimpleMusic.app/$(BUNDLE_EXECUTABLE_FOLDER_PATH)/SimpleMusic";
			};
			name = Release;
		};
/* End XCBuildConfiguration section */

/* Begin XCConfigurationList section */
		23BA7279302F095900023EB5 /* Build configuration list for PBXProject "SimpleMusic" */ = {
			isa = XCConfigurationList;
			buildConfigurations = (
				23BA7297302F095A00023EB5 /* Debug */,
				23BA7298302F095A00023EB5 /* Release */,
			);
			defaultConfigurationIsVisible = 0;
			defaultConfigurationName = Release;
		};
		23BA7294302F095A00023EB5 /* Build configuration list for PBXNativeTarget "SimpleMusic" */ = {
			isa = XCConfigurationList;
			buildConfigurations = (
				23BA7295302F095A00023EB5 /* Debug */,
				23BA7296302F095A00023EB5 /* Release */,
			);
			defaultConfigurationIsVisible = 0;
			defaultConfigurationName = Release;
		};
		A1B2C3D4E5F60718293A4B66 /* Build configuration list for PBXNativeTarget "SimpleMusicTests" */ = {
			isa = XCConfigurationList;
			buildConfigurations = (
				A1B2C3D4E5F60718293A4B64 /* Debug */,
				A1B2C3D4E5F60718293A4B65 /* Release */,
			);
			defaultConfigurationIsVisible = 0;
			defaultConfigurationName = Release;
		};
/* End XCConfigurationList section */
	};
	rootObject = 23BA7276302F095900023EB5 /* Project object */;
}
